
Microsoft Visual Studio Solution File, Format Version 12.00
# Visual Studio Version 16
VisualStudioVersion = 16.0.30105.148
MinimumVisualStudioVersion = 10.0.40219.1
Project("{FAE04EC0-301F-11D3-BF4B-00C04F79EFBC}") = "Spark_BankAnalysis", "Spark_BankAnalysis\Spark_BankAnalysis.csproj", "{60CFCE04-91AC-4BD2-956B-BD9E51BF057A}"
EndProject
Global
	GlobalSection(SolutionConfigurationPlatforms) = preSolution
		Debug|Any CPU = Debug|Any CPU
		Release|Any CPU = Release|Any CPU
	EndGlobalSection
	GlobalSection(ProjectConfigurationPlatforms) = postSolution
		{60CFCE04-91AC-4BD2-956B-BD9E51BF057A}.Debug|Any CPU.ActiveCfg = Debug|Any CPU
		{60CFCE04-91AC-4BD2-956B-BD9E51BF057A}.Debug|Any CPU.Build.0 = Debug|Any CPU
		{60CFCE04-91AC-4BD2-956B-BD9E51BF057A}.Release|Any CPU.ActiveCfg = Release|Any CPU
		{60CFCE04-91AC-4BD2-956B-BD9E51BF057A}.Release|Any CPU.Build.0 = Release|Any CPU
	EndGlobalSection
	GlobalSection(SolutionProperties) = preSolution
		HideSolutionNode = FALSE
	EndGlobalSection
	GlobalSection(ExtensibilityGlobals) = postSolution
		SolutionGuid = {1CA43E35-8439-46A7-BF00-508CB7D7CB26}
	EndGlobalSection
EndGlobal
